{
  "nodes": {
    "dns": {
      "inputs": {
        "flake-utils": "flake-utils",
        "nixpkgs": [
          "nixpkgs"
        ]
      },
      "locked": {
        "lastModified": 1635273082,
        "narHash": "sha256-EHiDP2jEa7Ai5ZwIf5uld9RVFcV77+2SUxjQXwJsJa0=",
        "owner": "kirelagin",
        "repo": "dns.nix",
        "rev": "c7b9645da9c0ddce4f9de4ef27ec01bb8108039a",
        "type": "github"
      },
      "original": {
        "owner": "kirelagin",
        "repo": "dns.nix",
        "type": "github"
      }
    },
    "flake-utils": {
      "locked": {
        "lastModified": 1614513358,
        "narHash": "sha256-LakhOx3S1dRjnh0b5Dg3mbZyH0ToC9I8Y2wKSkBaTzU=",
        "owner": "numtide",
        "repo": "flake-utils",
        "rev": "5466c5bbece17adaab2d82fae80b46e807611bf3",
        "type": "github"
      },
      "original": {
        "owner": "numtide",
        "repo": "flake-utils",
        "type": "github"
      }
    },
    "flake-utils_2": {
      "locked": {
        "lastModified": 1656928814,
        "narHash": "sha256-RIFfgBuKz6Hp89yRr7+NR5tzIAbn52h8vT6vXkYjZoM=",
        "owner": "numtide",
        "repo": "flake-utils",
        "rev": "7e2a3b3dfd9af950a856d66b0a7d01e3c18aa249",
        "type": "github"
      },
      "original": {
        "owner": "numtide",
        "repo": "flake-utils",
        "type": "github"
      }
    },
    "home-manager": {
      "inputs": {
        "nixpkgs": [
          "nixpkgs"
        ],
        "utils": "utils"
      },
      "locked": {
        "lastModified": 1656927578,
        "narHash": "sha256-ZSFrM/1PlJOqCb3mN88ZUh9dkQvNLU/nkoQ2tu02/FM=",
        "owner": "nix-community",
        "repo": "home-manager",
        "rev": "f2445620d177e295e711c1b2bc6c01ed6df26c16",
        "type": "github"
      },
      "original": {
        "owner": "nix-community",
        "ref": "master",
        "repo": "home-manager",
        "type": "github"
      }
    },
    "leona-nixfiles": {
      "flake": false,
      "locked": {
        "lastModified": 1657053015,
        "narHash": "sha256-QuB7U3iPkf19XeiE3sfDUokO/gE9aulF+7XQUEZ4Ays=",
        "ref": "refs/heads/main",
        "rev": "513ffa674e1ec0f48831c717124f9c0793a7f209",
        "revCount": 163,
        "type": "git",
        "url": "https://cyberchaos.dev/leona/nixfiles"
      },
      "original": {
        "type": "git",
        "url": "https://cyberchaos.dev/leona/nixfiles"
      }
    },
    "nixpkgs": {
      "locked": {
        "lastModified": 1657010070,
        "narHash": "sha256-7kEuexM+Gh3FoHk4i75qvSmcnmiVATc/Mb2V2XaWd50=",
        "owner": "NixOS",
        "repo": "nixpkgs",
        "rev": "f5522fb775353e6858d33b4986d344d1ba4adb83",
        "type": "github"
      },
      "original": {
        "owner": "NixOS",
        "ref": "nixos-unstable-small",
        "repo": "nixpkgs",
        "type": "github"
      }
    },
    "nixpkgs-21_11": {
      "locked": {
        "lastModified": 1656782578,
        "narHash": "sha256-1eMCBEqJplPotTo/SZ/t5HU6Sf2I8qKlZi9MX7jv9fw=",
        "owner": "NixOS",
        "repo": "nixpkgs",
        "rev": "573603b7fdb9feb0eb8efc16ee18a015c667ab1b",
        "type": "github"
      },
      "original": {
        "owner": "NixOS",
        "ref": "release-21.11",
        "repo": "nixpkgs",
        "type": "github"
      }
    },
    "nixpkgs-22_05": {
      "locked": {
        "lastModified": 1656782561,
        "narHash": "sha256-sZVLNNKIcELllTHqydsckz8HBfVqxeAt51acaaQWLCw=",
        "owner": "NixOS",
        "repo": "nixpkgs",
        "rev": "18038cee44aa0c3c99a2319c3c1c4d16d6612d81",
        "type": "github"
      },
      "original": {
        "owner": "NixOS",
        "ref": "release-22.05",
        "repo": "nixpkgs",
        "type": "github"
      }
    },
    "root": {
      "inputs": {
        "dns": "dns",
        "flake-utils": "flake-utils_2",
        "home-manager": "home-manager",
        "leona-nixfiles": "leona-nixfiles",
        "nixpkgs": "nixpkgs",
        "sops-nix": "sops-nix"
      }
    },
    "sops-nix": {
      "inputs": {
        "nixpkgs": [
          "nixpkgs"
        ],
        "nixpkgs-21_11": "nixpkgs-21_11",
        "nixpkgs-22_05": "nixpkgs-22_05"
      },
      "locked": {
        "lastModified": 1656820546,
        "narHash": "sha256-g+1URmRH75RDAzVUtVb4Ls7X8n1iocAGULtSE7JUdwU=",
        "owner": "Mic92",
        "repo": "sops-nix",
        "rev": "85907ae7384477e447499f6e942d822d6f2998d8",
        "type": "github"
      },
      "original": {
        "owner": "Mic92",
        "repo": "sops-nix",
        "type": "github"
      }
    },
    "utils": {
      "locked": {
        "lastModified": 1653893745,
        "narHash": "sha256-0jntwV3Z8//YwuOjzhV2sgJJPt+HY6KhU7VZUL0fKZQ=",
        "owner": "numtide",
        "repo": "flake-utils",
        "rev": "1ed9fb1935d260de5fe1c2f7ee0ebaae17ed2fa1",
        "type": "github"
      },
      "original": {
        "owner": "numtide",
        "repo": "flake-utils",
        "type": "github"
      }
    }
  },
  "root": "root",
  "version": 7
}
